
Microsoft Visual Studio Solution File, Format Version 12.00
# Visual Studio Version 17
VisualStudioVersion = 17.14.36109.1
MinimumVisualStudioVersion = 10.0.40219.1
Project("{2150E333-8FDC-42A3-9474-1A3956D46DE8}") = "Mods", "Mods", "{02EA681E-C7D8-13C7-8484-4AC65E1B71E8}"
EndProject
Project("{FAE04EC0-301F-11D3-BF4B-00C04F79EFBC}") = "UndertaleModLib", "UndertaleModTool\UndertaleModLib\UndertaleModLib.csproj", "{3E1FBADF-4C64-D01C-7F2D-01009E3B0CBB}"
EndProject
Project("{FAE04EC0-301F-11D3-BF4B-00C04F79EFBC}") = "Underanalyzer", "UndertaleModTool\Underanalyzer\Underanalyzer\Underanalyzer.csproj", "{69A5B990-A618-48D4-D9D3-5A9F093BDCEE}"
EndProject
Project("{FAE04EC0-301F-11D3-BF4B-00C04F79EFBC}") = "GodMode", "Mods\Godmode\GodMode.csproj", "{A945B94C-F1BF-4237-A6CA-B2EBAFEAEF24}"
EndProject
Project("{FAE04EC0-301F-11D3-BF4B-00C04F79EFBC}") = "Fangame.ModLoader", "Fangame.ModLoader\Fangame.ModLoader.csproj", "{D4E248A3-0F68-5768-4B98-A530796B1F3A}"
EndProject
Project("{FAE04EC0-301F-11D3-BF4B-00C04F79EFBC}") = "Fangame.ModLoader.Gui", "Fangame.ModLoader.Gui\Fangame.ModLoader.Gui.csproj", "{D74AA1D5-13E9-4F15-A35F-7919D76B1F7A}"
EndProject
Project("{FAE04EC0-301F-11D3-BF4B-00C04F79EFBC}") = "PlayOnline", "Mods\PlayOnline\PlayOnline.csproj", "{996F871A-DE91-56EF-CE13-1707B70B8FB6}"
EndProject
Project("{FAE04EC0-301F-11D3-BF4B-00C04F79EFBC}") = "DbgHelper", "Mods\DbgHelper\DbgHelper.csproj", "{F58C2B0E-3B6E-4C7A-AED5-73F55F413714}"
EndProject
Project("{FAE04EC0-301F-11D3-BF4B-00C04F79EFBC}") = "AllowFullscreen", "Mods\AllowFullscreen\AllowFullscreen.csproj", "{6A548A09-4D3E-E9CA-7756-99FF7C069A1B}"
EndProject
Project("{FAE04EC0-301F-11D3-BF4B-00C04F79EFBC}") = "CrimsonKid", "Mods\CrimsonKid\CrimsonKid.csproj", "{157C3B14-9B57-0689-FD00-F725F47A86CE}"
EndProject
Project("{FAE04EC0-301F-11D3-BF4B-00C04F79EFBC}") = "TestRef", "Mods\TestRef\TestRef.csproj", "{6AFB5B94-73CA-3A44-1472-DF7776311112}"
EndProject
Global
	GlobalSection(SolutionConfigurationPlatforms) = preSolution
		Debug|Any CPU = Debug|Any CPU
		Release|Any CPU = Release|Any CPU
	EndGlobalSection
	GlobalSection(ProjectConfigurationPlatforms) = postSolution
		{3E1FBADF-4C64-D01C-7F2D-01009E3B0CBB}.Debug|Any CPU.ActiveCfg = Debug|Any CPU
		{3E1FBADF-4C64-D01C-7F2D-01009E3B0CBB}.Debug|Any CPU.Build.0 = Debug|Any CPU
		{3E1FBADF-4C64-D01C-7F2D-01009E3B0CBB}.Release|Any CPU.ActiveCfg = Release|Any CPU
		{3E1FBADF-4C64-D01C-7F2D-01009E3B0CBB}.Release|Any CPU.Build.0 = Release|Any CPU
		{69A5B990-A618-48D4-D9D3-5A9F093BDCEE}.Debug|Any CPU.ActiveCfg = Debug|Any CPU
		{69A5B990-A618-48D4-D9D3-5A9F093BDCEE}.Debug|Any CPU.Build.0 = Debug|Any CPU
		{69A5B990-A618-48D4-D9D3-5A9F093BDCEE}.Release|Any CPU.ActiveCfg = Release|Any CPU
		{69A5B990-A618-48D4-D9D3-5A9F093BDCEE}.Release|Any CPU.Build.0 = Release|Any CPU
		{A945B94C-F1BF-4237-A6CA-B2EBAFEAEF24}.Debug|Any CPU.ActiveCfg = Debug|Any CPU
		{A945B94C-F1BF-4237-A6CA-B2EBAFEAEF24}.Debug|Any CPU.Build.0 = Debug|Any CPU
		{A945B94C-F1BF-4237-A6CA-B2EBAFEAEF24}.Release|Any CPU.ActiveCfg = Release|Any CPU
		{A945B94C-F1BF-4237-A6CA-B2EBAFEAEF24}.Release|Any CPU.Build.0 = Release|Any CPU
		{D4E248A3-0F68-5768-4B98-A530796B1F3A}.Debug|Any CPU.ActiveCfg = Debug|Any CPU
		{D4E248A3-0F68-5768-4B98-A530796B1F3A}.Debug|Any CPU.Build.0 = Debug|Any CPU
		{D4E248A3-0F68-5768-4B98-A530796B1F3A}.Release|Any CPU.ActiveCfg = Release|Any CPU
		{D4E248A3-0F68-5768-4B98-A530796B1F3A}.Release|Any CPU.Build.0 = Release|Any CPU
		{D74AA1D5-13E9-4F15-A35F-7919D76B1F7A}.Debug|Any CPU.ActiveCfg = Debug|Any CPU
		{D74AA1D5-13E9-4F15-A35F-7919D76B1F7A}.Debug|Any CPU.Build.0 = Debug|Any CPU
		{D74AA1D5-13E9-4F15-A35F-7919D76B1F7A}.Release|Any CPU.ActiveCfg = Release|Any CPU
		{D74AA1D5-13E9-4F15-A35F-7919D76B1F7A}.Release|Any CPU.Build.0 = Release|Any CPU
		{996F871A-DE91-56EF-CE13-1707B70B8FB6}.Debug|Any CPU.ActiveCfg = Debug|Any CPU
		{996F871A-DE91-56EF-CE13-1707B70B8FB6}.Debug|Any CPU.Build.0 = Debug|Any CPU
		{996F871A-DE91-56EF-CE13-1707B70B8FB6}.Release|Any CPU.ActiveCfg = Release|Any CPU
		{996F871A-DE91-56EF-CE13-1707B70B8FB6}.Release|Any CPU.Build.0 = Release|Any CPU
		{F58C2B0E-3B6E-4C7A-AED5-73F55F413714}.Debug|Any CPU.ActiveCfg = Debug|Any CPU
		{F58C2B0E-3B6E-4C7A-AED5-73F55F413714}.Debug|Any CPU.Build.0 = Debug|Any CPU
		{F58C2B0E-3B6E-4C7A-AED5-73F55F413714}.Release|Any CPU.ActiveCfg = Release|Any CPU
		{F58C2B0E-3B6E-4C7A-AED5-73F55F413714}.Release|Any CPU.Build.0 = Release|Any CPU
		{6A548A09-4D3E-E9CA-7756-99FF7C069A1B}.Debug|Any CPU.ActiveCfg = Debug|Any CPU
		{6A548A09-4D3E-E9CA-7756-99FF7C069A1B}.Debug|Any CPU.Build.0 = Debug|Any CPU
		{6A548A09-4D3E-E9CA-7756-99FF7C069A1B}.Release|Any CPU.ActiveCfg = Release|Any CPU
		{6A548A09-4D3E-E9CA-7756-99FF7C069A1B}.Release|Any CPU.Build.0 = Release|Any CPU
		{157C3B14-9B57-0689-FD00-F725F47A86CE}.Debug|Any CPU.ActiveCfg = Debug|Any CPU
		{157C3B14-9B57-0689-FD00-F725F47A86CE}.Debug|Any CPU.Build.0 = Debug|Any CPU
		{157C3B14-9B57-0689-FD00-F725F47A86CE}.Release|Any CPU.ActiveCfg = Release|Any CPU
		{157C3B14-9B57-0689-FD00-F725F47A86CE}.Release|Any CPU.Build.0 = Release|Any CPU
		{6AFB5B94-73CA-3A44-1472-DF7776311112}.Debug|Any CPU.ActiveCfg = Debug|Any CPU
		{6AFB5B94-73CA-3A44-1472-DF7776311112}.Debug|Any CPU.Build.0 = Debug|Any CPU
		{6AFB5B94-73CA-3A44-1472-DF7776311112}.Release|Any CPU.ActiveCfg = Release|Any CPU
		{6AFB5B94-73CA-3A44-1472-DF7776311112}.Release|Any CPU.Build.0 = Release|Any CPU
	EndGlobalSection
	GlobalSection(SolutionProperties) = preSolution
		HideSolutionNode = FALSE
	EndGlobalSection
	GlobalSection(NestedProjects) = preSolution
		{A945B94C-F1BF-4237-A6CA-B2EBAFEAEF24} = {02EA681E-C7D8-13C7-8484-4AC65E1B71E8}
		{996F871A-DE91-56EF-CE13-1707B70B8FB6} = {02EA681E-C7D8-13C7-8484-4AC65E1B71E8}
		{F58C2B0E-3B6E-4C7A-AED5-73F55F413714} = {02EA681E-C7D8-13C7-8484-4AC65E1B71E8}
		{6A548A09-4D3E-E9CA-7756-99FF7C069A1B} = {02EA681E-C7D8-13C7-8484-4AC65E1B71E8}
		{157C3B14-9B57-0689-FD00-F725F47A86CE} = {02EA681E-C7D8-13C7-8484-4AC65E1B71E8}
		{6AFB5B94-73CA-3A44-1472-DF7776311112} = {02EA681E-C7D8-13C7-8484-4AC65E1B71E8}
	EndGlobalSection
	GlobalSection(ExtensibilityGlobals) = postSolution
		SolutionGuid = {F79D99BC-A87E-4EB3-8BCC-874B60CC2FD6}
	EndGlobalSection
EndGlobal
